
Microsoft Visual Studio Solution File, Format Version 12.00
# Visual Studio Version 16
VisualStudioVersion = 16.0.31410.357
MinimumVisualStudioVersion = 10.0.40219.1
Project("{FAE04EC0-301F-11D3-BF4B-00C04F79EFBC}") = "WiredBrain.ShopInfoTool", "WiredBrain.ShopInfoTool\WiredBrain.ShopInfoTool.csproj", "{04EA5783-889B-4886-86C5-19D4A04CC85F}"
EndProject
Global
	GlobalSection(SolutionConfigurationPlatforms) = preSolution
		Debug|Any CPU = Debug|Any CPU
		Release|Any CPU = Release|Any CPU
	EndGlobalSection
	GlobalSection(ProjectConfigurationPlatforms) = postSolution
		{04EA5783-889B-4886-86C5-19D4A04CC85F}.Debug|Any CPU.ActiveCfg = Debug|Any CPU
		{04EA5783-889B-4886-86C5-19D4A04CC85F}.Debug|Any CPU.Build.0 = Debug|Any CPU
		{04EA5783-889B-4886-86C5-19D4A04CC85F}.Release|Any CPU.ActiveCfg = Release|Any CPU
		{04EA5783-889B-4886-86C5-19D4A04CC85F}.Release|Any CPU.Build.0 = Release|Any CPU
	EndGlobalSection
	GlobalSection(SolutionProperties) = preSolution
		HideSolutionNode = FALSE
	EndGlobalSection
	GlobalSection(ExtensibilityGlobals) = postSolution
		SolutionGuid = {F069C25D-1625-4859-9C00-FF6DE8FBBA8D}
	EndGlobalSection
EndGlobal
